
Microsoft Visual Studio Solution File, Format Version 12.00
# Visual Studio Version 17
VisualStudioVersion = 17.13.35825.156
MinimumVisualStudioVersion = 10.0.40219.1
Project("{9A19103F-16F7-4668-BE54-9A1E7A4F7556}") = "EcommerceBackend.API", "EcommerceBackend.API\EcommerceBackend.API.csproj", "{3E1A4BAF-DD7F-446E-BAA0-6B67D1F74AA7}"
EndProject
Project("{9A19103F-16F7-4668-BE54-9A1E7A4F7556}") = "EcommerceBackend.BusinessObject", "EcommerceBackend.BusinessObject\EcommerceBackend.BusinessObject.csproj", "{3E5D3DAB-FA34-45C0-A607-D499E1415562}"
EndProject
Project("{9A19103F-16F7-4668-BE54-9A1E7A4F7556}") = "EcommerceBackend.DataAccess", "EcommerceBackend.DataAccess\EcommerceBackend.DataAccess.csproj", "{9146B6A7-32BD-42E3-A573-7DE5A023D2E2}"
EndProject
Global
	GlobalSection(SolutionConfigurationPlatforms) = preSolution
		Debug|Any CPU = Debug|Any CPU
		Release|Any CPU = Release|Any CPU
	EndGlobalSection
	GlobalSection(ProjectConfigurationPlatforms) = postSolution
		{3E1A4BAF-DD7F-446E-BAA0-6B67D1F74AA7}.Debug|Any CPU.ActiveCfg = Debug|Any CPU
		{3E1A4BAF-DD7F-446E-BAA0-6B67D1F74AA7}.Debug|Any CPU.Build.0 = Debug|Any CPU
		{3E1A4BAF-DD7F-446E-BAA0-6B67D1F74AA7}.Release|Any CPU.ActiveCfg = Release|Any CPU
		{3E1A4BAF-DD7F-446E-BAA0-6B67D1F74AA7}.Release|Any CPU.Build.0 = Release|Any CPU
		{3E5D3DAB-FA34-45C0-A607-D499E1415562}.Debug|Any CPU.ActiveCfg = Debug|Any CPU
		{3E5D3DAB-FA34-45C0-A607-D499E1415562}.Debug|Any CPU.Build.0 = Debug|Any CPU
		{3E5D3DAB-FA34-45C0-A607-D499E1415562}.Release|Any CPU.ActiveCfg = Release|Any CPU
		{3E5D3DAB-FA34-45C0-A607-D499E1415562}.Release|Any CPU.Build.0 = Release|Any CPU
		{9146B6A7-32BD-42E3-A573-7DE5A023D2E2}.Debug|Any CPU.ActiveCfg = Debug|Any CPU
		{9146B6A7-32BD-42E3-A573-7DE5A023D2E2}.Debug|Any CPU.Build.0 = Debug|Any CPU
		{9146B6A7-32BD-42E3-A573-7DE5A023D2E2}.Release|Any CPU.ActiveCfg = Release|Any CPU
		{9146B6A7-32BD-42E3-A573-7DE5A023D2E2}.Release|Any CPU.Build.0 = Release|Any CPU
	EndGlobalSection
	GlobalSection(SolutionProperties) = preSolution
		HideSolutionNode = FALSE
	EndGlobalSection
	GlobalSection(ExtensibilityGlobals) = postSolution
		SolutionGuid = {CB0B3F74-9D16-49F0-A732-CD260271D5A3}
	EndGlobalSection
EndGlobal
